schema: '2.0'
stages:
  stage_01:
    cmd: python stage_01.py
    deps:
    - path: stage_01.py
      md5: 46de99504882d81f7f9f969f93292cee
      size: 77
    outs:
    - path: artifact01.txt
      md5: 7e6214bb528dd69609564aa1392a7e53
      size: 8
  stage_02:
    cmd: python stage_02.py
    deps:
    - path: artifact01.txt
      md5: 7e6214bb528dd69609564aa1392a7e53
      size: 8
    - path: stage_02.py
      md5: 589824974256d972e7c3697cd2bc3f0e
      size: 69
